
Microsoft Visual Studio Solution File, Format Version 12.00
Project("{FAE04EC0-301F-11D3-BF4B-00C04F79EFBC}") = "DocumentConverter", "DocumentConverter\DocumentConverter.csproj", "{D05911B0-9544-4AAA-90FF-30B95BE9805C}"
EndProject
Global
	GlobalSection(SolutionConfigurationPlatforms) = preSolution
		Debug|Any CPU = Debug|Any CPU
		Release|Any CPU = Release|Any CPU
	EndGlobalSection
	GlobalSection(ProjectConfigurationPlatforms) = postSolution
		{D05911B0-9544-4AAA-90FF-30B95BE9805C}.Debug|Any CPU.ActiveCfg = Debug|Any CPU
		{D05911B0-9544-4AAA-90FF-30B95BE9805C}.Debug|Any CPU.Build.0 = Debug|Any CPU
		{D05911B0-9544-4AAA-90FF-30B95BE9805C}.Release|Any CPU.ActiveCfg = Release|Any CPU
		{D05911B0-9544-4AAA-90FF-30B95BE9805C}.Release|Any CPU.Build.0 = Release|Any CPU
	EndGlobalSection
EndGlobal
